
Microsoft Visual Studio Solution File, Format Version 12.00
# Visual Studio Version 17
VisualStudioVersion = 17.1.32228.430
MinimumVisualStudioVersion = 10.0.40219.1
Project("{2150E333-8FDC-42A3-9474-1A3956D46DE8}") = "Solution Items", "Solution Items", "{00A65680-02D3-495F-83A4-9CFC11C7F6F6}"
	ProjectSection(SolutionItems) = preProject
		Readme.md = Readme.md
	EndProjectSection
EndProject
Project("{FAE04EC0-301F-11D3-BF4B-00C04F79EFBC}") = "NCRFiscalManager.API", "src\Bootstrapper\NCRFiscalManager.API\NCRFiscalManager.API.csproj", "{82EA66C6-4B32-4193-99B6-7445FED7B215}"
EndProject
Project("{9A19103F-16F7-4668-BE54-9A1E7A4F7556}") = "NCRFiscalManager.Core", "src\Core\NCRFiscalManager.Core\NCRFiscalManager.Core.csproj", "{2A5C7ED7-ABFB-4C75-B084-19C5F4A10AA9}"
EndProject
Project("{FAE04EC0-301F-11D3-BF4B-00C04F79EFBC}") = "NCRFiscalManager.Infraestructure", "src\Infraestructure\NCRFiscalManager.Infraestructure\NCRFiscalManager.Infraestructure.csproj", "{4AF02E7A-1D1F-4627-801E-C87960B2362E}"
EndProject
Global
	GlobalSection(SolutionConfigurationPlatforms) = preSolution
		Debug|Any CPU = Debug|Any CPU
		Release|Any CPU = Release|Any CPU
	EndGlobalSection
	GlobalSection(ProjectConfigurationPlatforms) = postSolution
		{82EA66C6-4B32-4193-99B6-7445FED7B215}.Debug|Any CPU.ActiveCfg = Debug|Any CPU
		{82EA66C6-4B32-4193-99B6-7445FED7B215}.Debug|Any CPU.Build.0 = Debug|Any CPU
		{82EA66C6-4B32-4193-99B6-7445FED7B215}.Release|Any CPU.ActiveCfg = Release|Any CPU
		{82EA66C6-4B32-4193-99B6-7445FED7B215}.Release|Any CPU.Build.0 = Release|Any CPU
		{2A5C7ED7-ABFB-4C75-B084-19C5F4A10AA9}.Debug|Any CPU.ActiveCfg = Debug|Any CPU
		{2A5C7ED7-ABFB-4C75-B084-19C5F4A10AA9}.Debug|Any CPU.Build.0 = Debug|Any CPU
		{2A5C7ED7-ABFB-4C75-B084-19C5F4A10AA9}.Release|Any CPU.ActiveCfg = Release|Any CPU
		{2A5C7ED7-ABFB-4C75-B084-19C5F4A10AA9}.Release|Any CPU.Build.0 = Release|Any CPU
		{4AF02E7A-1D1F-4627-801E-C87960B2362E}.Debug|Any CPU.ActiveCfg = Debug|Any CPU
		{4AF02E7A-1D1F-4627-801E-C87960B2362E}.Debug|Any CPU.Build.0 = Debug|Any CPU
		{4AF02E7A-1D1F-4627-801E-C87960B2362E}.Release|Any CPU.ActiveCfg = Release|Any CPU
		{4AF02E7A-1D1F-4627-801E-C87960B2362E}.Release|Any CPU.Build.0 = Release|Any CPU
	EndGlobalSection
	GlobalSection(SolutionProperties) = preSolution
		HideSolutionNode = FALSE
	EndGlobalSection
	GlobalSection(ExtensibilityGlobals) = postSolution
		SolutionGuid = {9AC00EC8-19EC-4A07-9E99-FB5450294C19}
	EndGlobalSection
EndGlobal
